// !$*UTF8*$!
{
	archiveVersion = 1;
	classes = {
	};
	objectVersion = 77;
	objects = {

/* Begin PBXContainerItemProxy section */
		378D41442DAF156100F52D93 /* PBXContainerItemProxy */ = {
			isa = PBXContainerItemProxy;
			containerPortal = 378D41262DAF155F00F52D93 /* Project object */;
			proxyType = 1;
			remoteGlobalIDString = 378D412D2DAF155F00F52D93;
			remoteInfo = GISSimulator;
		};
		378D414E2DAF156100F52D93 /* PBXContainerItemProxy */ = {
			isa = PBXContainerItemProxy;
			containerPortal = 378D41262DAF155F00F52D93 /* Project object */;
			proxyType = 1;
			remoteGlobalIDString = 378D412D2DAF155F00F52D93;
			remoteInfo = GISSimulator;
		};
/* End PBXContainerItemProxy section */

/* Begin PBXFileReference section */
		378D412E2DAF155F00F52D93 /* GISSimulator.app */ = {isa = PBXFileReference; explicitFileType = wrapper.application; includeInIndex = 0; path = GISSimulator.app; sourceTree = BUILT_PRODUCTS_DIR; };
		378D41432DAF156100F52D93 /* GISSimulatorTests.xctest */ = {isa = PBXFileReference; explicitFileType = wrapper.cfbundle; includeInIndex = 0; path = GISSimulatorTests.xctest; sourceTree = BUILT_PRODUCTS_DIR; };
		378D414D2DAF156100F52D93 /* GISSimulatorUITests.xctest */ = {isa = PBXFileReference; explicitFileType = wrapper.cfbundle; includeInIndex = 0; path = GISSimulatorUITests.xctest; sourceTree = BUILT_PRODUCTS_DIR; };
/* End PBXFileReference section */

/* Begin PBXFileSystemSynchronizedBuildFileExceptionSet section */
		378D41552DAF156100F52D93 /* Exceptions for "GISSimulator" folder in "GISSimulator" target */ = {
			isa = PBXFileSystemSynchronizedBuildFileExceptionSet;
			membershipExceptions = (
				Info.plist,
			);
			target = 378D412D2DAF155F00F52D93 /* GISSimulator */;
		};
/* End PBXFileSystemSynchronizedBuildFileExceptionSet section */

/* Begin PBXFileSystemSynchronizedRootGroup section */
		378D41302DAF155F00F52D93 /* GISSimulator */ = {
			isa = PBXFileSystemSynchronizedRootGroup;
			exceptions = (
				378D41552DAF156100F52D93 /* Exceptions for "GISSimulator" folder in "GISSimulator" target */,
			);
			path = GISSimulator;
			sourceTree = "<group>";
		};
		378D41462DAF156100F52D93 /* GISSimulatorTests */ = {
			isa = PBXFileSystemSynchronizedRootGroup;
			path = GISSimulatorTests;
			sourceTree = "<group>";
		};
		378D41502DAF156100F52D93 /* GISSimulatorUITests */ = {
			isa = PBXFileSystemSynchronizedRootGroup;
			path = GISSimulatorUITests;
			sourceTree = "<group>";
		};
/* End PBXFileSystemSynchronizedRootGroup section */

/* Begin PBXFrameworksBuildPhase section */
		378D412B2DAF155F00F52D93 /* Frameworks */ = {
			isa = PBXFrameworksBuildPhase;
			buildActionMask = 2147483647;
			files = (
			);
			runOnlyForDeploymentPostprocessing = 0;
		};
		378D41402DAF156100F52D93 /* Frameworks */ = {
			isa = PBXFrameworksBuildPhase;
			buildActionMask = 2147483647;
			files = (
			);
			runOnlyForDeploymentPostprocessing = 0;
		};
		378D414A2DAF156100F52D93 /* Frameworks */ = {
			isa = PBXFrameworksBuildPhase;
			buildActionMask = 2147483647;
			files = (
			);
			runOnlyForDeploymentPostprocessing = 0;
		};
/* End PBXFrameworksBuildPhase section */

/* Begin PBXGroup section */
		378D41252DAF155F00F52D93 = {
			isa = PBXGroup;
			children = (
				378D41302DAF155F00F52D93 /* GISSimulator */,
				378D41462DAF156100F52D93 /* GISSimulatorTests */,
				378D41502DAF156100F52D93 /* GISSimulatorUITests */,
				378D412F2DAF155F00F52D93 /* Products */,
			);
			sourceTree = "<group>";
		};
		378D412F2DAF155F00F52D93 /* Products */ = {
			isa = PBXGroup;
			children = (
				378D412E2DAF155F00F52D93 /* GISSimulator.app */,
				378D41432DAF156100F52D93 /* GISSimulatorTests.xctest */,
				378D414D2DAF156100F52D93 /* GISSimulatorUITests.xctest */,
			);
			name = Products;
			sourceTree = "<group>";
		};
/* End PBXGroup section */

/* Begin PBXNativeTarget section */
		378D412D2DAF155F00F52D93 /* GISSimulator */ = {
			isa = PBXNativeTarget;
			buildConfigurationList = 378D41562DAF156100F52D93 /* Build configuration list for PBXNativeTarget "GISSimulator" */;
			buildPhases = (
				378D412A2DAF155F00F52D93 /* Sources */,
				378D412B2DAF155F00F52D93 /* Frameworks */,
				378D412C2DAF155F00F52D93 /* Resources */,
			);
			buildRules = (
			);
			dependencies = (
			);
			fileSystemSynchronizedGroups = (
				378D41302DAF155F00F52D93 /* GISSimulator */,
			);
			name = GISSimulator;
			packageProductDependencies = (
			);
			productName = GISSimulator;
			productReference = 378D412E2DAF155F00F52D93 /* GISSimulator.app */;
			productType = "com.apple.product-type.application";
		};
		378D41422DAF156100F52D93 /* GISSimulatorTests */ = {
			isa = PBXNativeTarget;
			buildConfigurationList = 378D415B2DAF156100F52D93 /* Build configuration list for PBXNativeTarget "GISSimulatorTests" */;
			buildPhases = (
				378D413F2DAF156100F52D93 /* Sources */,
				378D41402DAF156100F52D93 /* Frameworks */,
				378D41412DAF156100F52D93 /* Resources */,
			);
			buildRules = (
			);
			dependencies = (
				378D41452DAF156100F52D93 /* PBXTargetDependency */,
			);
			fileSystemSynchronizedGroups = (
				378D41462DAF156100F52D93 /* GISSimulatorTests */,
			);
			name = GISSimulatorTests;
			packageProductDependencies = (
			);
			productName = GISSimulatorTests;
			productReference = 378D41432DAF156100F52D93 /* GISSimulatorTests.xctest */;
			productType = "com.apple.product-type.bundle.unit-test";
		};
		378D414C2DAF156100F52D93 /* GISSimulatorUITests */ = {
			isa = PBXNativeTarget;
			buildConfigurationList = 378D415E2DAF156100F52D93 /* Build configuration list for PBXNativeTarget "GISSimulatorUITests" */;
			buildPhases = (
				378D41492DAF156100F52D93 /* Sources */,
				378D414A2DAF156100F52D93 /* Frameworks */,
				378D414B2DAF156100F52D93 /* Resources */,
			);
			buildRules = (
			);
			dependencies = (
				378D414F2DAF156100F52D93 /* PBXTargetDependency */,
			);
			fileSystemSynchronizedGroups = (
				378D41502DAF156100F52D93 /* GISSimulatorUITests */,
			);
			name = GISSimulatorUITests;
			packageProductDependencies = (
			);
			productName = GISSimulatorUITests;
			productReference = 378D414D2DAF156100F52D93 /* GISSimulatorUITests.xctest */;
			productType = "com.apple.product-type.bundle.ui-testing";
		};
/* End PBXNativeTarget section */

/* Begin PBXProject section */
		378D41262DAF155F00F52D93 /* Project object */ = {
			isa = PBXProject;
			attributes = {
				BuildIndependentTargetsInParallel = 1;
				LastSwiftUpdateCheck = 1630;
				LastUpgradeCheck = 1630;
				TargetAttributes = {
					378D412D2DAF155F00F52D93 = {
						CreatedOnToolsVersion = 16.3;
					};
					378D41422DAF156100F52D93 = {
						CreatedOnToolsVersion = 16.3;
						TestTargetID = 378D412D2DAF155F00F52D93;
					};
					378D414C2DAF156100F52D93 = {
						CreatedOnToolsVersion = 16.3;
						TestTargetID = 378D412D2DAF155F00F52D93;
					};
				};
			};
			buildConfigurationList = 378D41292DAF155F00F52D93 /* Build configuration list for PBXProject "GISSimulator" */;
			developmentRegion = en;
			hasScannedForEncodings = 0;
			knownRegions = (
				en,
				Base,
			);
			mainGroup = 378D41252DAF155F00F52D93;
			minimizedProjectReferenceProxies = 1;
			preferredProjectObjectVersion = 77;
			productRefGroup = 378D412F2DAF155F00F52D93 /* Products */;
			projectDirPath = "";
			projectRoot = "";
			targets = (
				378D412D2DAF155F00F52D93 /* GISSimulator */,
				378D41422DAF156100F52D93 /* GISSimulatorTests */,
				378D414C2DAF156100F52D93 /* GISSimulatorUITests */,
			);
		};
/* End PBXProject section */

/* Begin PBXResourcesBuildPhase section */
		378D412C2DAF155F00F52D93 /* Resources */ = {
			isa = PBXResourcesBuildPhase;
			buildActionMask = 2147483647;
			files = (
			);
			runOnlyForDeploymentPostprocessing = 0;
		};
		378D41412DAF156100F52D93 /* Resources */ = {
			isa = PBXResourcesBuildPhase;
			buildActionMask = 2147483647;
			files = (
			);
			runOnlyForDeploymentPostprocessing = 0;
		};
		378D414B2DAF156100F52D93 /* Resources */ = {
			isa = PBXResourcesBuildPhase;
			buildActionMask = 2147483647;
			files = (
			);
			runOnlyForDeploymentPostprocessing = 0;
		};
/* End PBXResourcesBuildPhase section */

/* Begin PBXSourcesBuildPhase section */
		378D412A2DAF155F00F52D93 /* Sources */ = {
			isa = PBXSourcesBuildPhase;
			buildActionMask = 2147483647;
			files = (
			);
			runOnlyForDeploymentPostprocessing = 0;
		};
		378D413F2DAF156100F52D93 /* Sources */ = {
			isa = PBXSourcesBuildPhase;
			buildActionMask = 2147483647;
			files = (
			);
			runOnlyForDeploymentPostprocessing = 0;
		};
		378D41492DAF156100F52D93 /* Sources */ = {
			isa = PBXSourcesBuildPhase;
			buildActionMask = 2147483647;
			files = (
			);
			runOnlyForDeploymentPostprocessing = 0;
		};
/* End PBXSourcesBuildPhase section */

/* Begin PBXTargetDependency section */
		378D41452DAF156100F52D93 /* PBXTargetDependency */ = {
			isa = PBXTargetDependency;
			target = 378D412D2DAF155F00F52D93 /* GISSimulator */;
			targetProxy = 378D41442DAF156100F52D93 /* PBXContainerItemProxy */;
		};
		378D414F2DAF156100F52D93 /* PBXTargetDependency */ = {
			isa = PBXTargetDependency;
			target = 378D412D2DAF155F00F52D93 /* GISSimulator */;
			targetProxy = 378D414E2DAF156100F52D93 /* PBXContainerItemProxy */;
		};
/* End PBXTargetDependency section */

/* Begin XCBuildConfiguration section */
		378D41572DAF156100F52D93 /* Debug */ = {
			isa = XCBuildConfiguration;
			buildSettings = {
				ASSETCATALOG_COMPILER_APPICON_NAME = AppIcon;
				ASSETCATALOG_COMPILER_GLOBAL_ACCENT_COLOR_NAME = AccentColor;
				CODE_SIGN_STYLE = Automatic;
				CURRENT_PROJECT_VERSION = 1;
				DEVELOPMENT_TEAM = TQU5FGEV2A;
				GENERATE_INFOPLIST_FILE = YES;
				INFOPLIST_FILE = GISSimulator/Info.plist;
				INFOPLIST_KEY_UIApplicationSupportsIndirectInputEvents = YES;
				INFOPLIST_KEY_UILaunchStoryboardName = LaunchScreen;
				INFOPLIST_KEY_UIMainStoryboardFile = Main;
				INFOPLIST_KEY_UISupportedInterfaceOrientations = "UIInterfaceOrientationLandscapeLeft UIInterfaceOrientationLandscapeRight UIInterfaceOrientationPortrait";
				INFOPLIST_KEY_UISupportsDocumentBrowser = YES;
				LD_RUNPATH_SEARCH_PATHS = (
					"$(inherited)",
					"@executable_path/Frameworks",
				);
				MARKETING_VERSION = 1.0;
				PRODUCT_BUNDLE_IDENTIFIER = ca.esri.GISSimulator;
				PRODUCT_NAME = "$(TARGET_NAME)";
				SUPPORTED_PLATFORMS = "iphoneos iphonesimulator";
				SUPPORTS_MACCATALYST = NO;
				SWIFT_EMIT_LOC_STRINGS = YES;
				SWIFT_VERSION = 5.0;
				TARGETED_DEVICE_FAMILY = 2;
			};
			name = Debug;
		};
		378D41582DAF156100F52D93 /* Release */ = {
			isa = XCBuildConfiguration;
			buildSettings = {
				ASSETCATALOG_COMPILER_APPICON_NAME = AppIcon;
				ASSETCATALOG_COMPILER_GLOBAL_ACCENT_COLOR_NAME = AccentColor;
				CODE_SIGN_STYLE = Automatic;
				CURRENT_PROJECT_VERSION = 1;
				DEVELOPMENT_TEAM = TQU5FGEV2A;
				GENERATE_INFOPLIST_FILE = YES;
				INFOPLIST_FILE = GISSimulator/Info.plist;
				INFOPLIST_KEY_UIApplicationSupportsIndirectInputEvents = YES;
				INFOPLIST_KEY_UILaunchStoryboardName = LaunchScreen;
				INFOPLIST_KEY_UIMainStoryboardFile = Main;
				INFOPLIST_KEY_UISupportedInterfaceOrientations = "UIInterfaceOrientationLandscapeLeft UIInterfaceOrientationLandscapeRight UIInterfaceOrientationPortrait";
				INFOPLIST_KEY_UISupportsDocumentBrowser = YES;
				LD_RUNPATH_SEARCH_PATHS = (
					"$(inherited)",
					"@executable_path/Frameworks",
				);
				MARKETING_VERSION = 1.0;
				PRODUCT_BUNDLE_IDENTIFIER = ca.esri.GISSimulator;
				PRODUCT_NAME = "$(TARGET_NAME)";
				SUPPORTED_PLATFORMS = "iphoneos iphonesimulator";
				SUPPORTS_MACCATALYST = NO;
				SWIFT_EMIT_LOC_STRINGS = YES;
				SWIFT_VERSION = 5.0;
				TARGETED_DEVICE_FAMILY = 2;
			};
			name = Release;
		};
		378D41592DAF156100F52D93 /* Debug */ = {
			isa = XCBuildConfiguration;
			buildSettings = {
				ALWAYS_SEARCH_USER_PATHS = NO;
				ASSETCATALOG_COMPILER_GENERATE_SWIFT_ASSET_SYMBOL_EXTENSIONS = YES;
				CLANG_ANALYZER_NONNULL = YES;
				CLANG_ANALYZER_NUMBER_OBJECT_CONVERSION = YES_AGGRESSIVE;
				CLANG_CXX_LANGUAGE_STANDARD = "gnu++20";
				CLANG_ENABLE_MODULES = YES;
				CLANG_ENABLE_OBJC_ARC = YES;
				CLANG_ENABLE_OBJC_WEAK = YES;
				CLANG_WARN_BLOCK_CAPTURE_AUTORELEASING = YES;
				CLANG_WARN_BOOL_CONVERSION = YES;
				CLANG_WARN_COMMA = YES;
				CLANG_WARN_CONSTANT_CONVERSION = YES;
				CLANG_WARN_DEPRECATED_OBJC_IMPLEMENTATIONS = YES;
				CLANG_WARN_DIRECT_OBJC_ISA_USAGE = YES_ERROR;
				CLANG_WARN_DOCUMENTATION_COMMENTS = YES;
				CLANG_WARN_EMPTY_BODY = YES;
				CLANG_WARN_ENUM_CONVERSION = YES;
				CLANG_WARN_INFINITE_RECURSION = YES;
				CLANG_WARN_INT_CONVERSION = YES;
				CLANG_WARN_NON_LITERAL_NULL_CONVERSION = YES;
				CLANG_WARN_OBJC_IMPLICIT_RETAIN_SELF = YES;
				CLANG_WARN_OBJC_LITERAL_CONVERSION = YES;
				CLANG_WARN_OBJC_ROOT_CLASS = YES_ERROR;
				CLANG_WARN_QUOTED_INCLUDE_IN_FRAMEWORK_HEADER = YES;
				CLANG_WARN_RANGE_LOOP_ANALYSIS = YES;
				CLANG_WARN_STRICT_PROTOTYPES = YES;
				CLANG_WARN_SUSPICIOUS_MOVE = YES;
				CLANG_WARN_UNGUARDED_AVAILABILITY = YES_AGGRESSIVE;
				CLANG_WARN_UNREACHABLE_CODE = YES;
				CLANG_WARN__DUPLICATE_METHOD_MATCH = YES;
				COPY_PHASE_STRIP = NO;
				DEBUG_INFORMATION_FORMAT = dwarf;
				DEVELOPMENT_TEAM = TQU5FGEV2A;
				ENABLE_STRICT_OBJC_MSGSEND = YES;
				ENABLE_TESTABILITY = YES;
				ENABLE_USER_SCRIPT_SANDBOXING = YES;
				GCC_C_LANGUAGE_STANDARD = gnu17;
				GCC_DYNAMIC_NO_PIC = NO;
				GCC_NO_COMMON_BLOCKS = YES;
				GCC_OPTIMIZATION_LEVEL = 0;
				GCC_PREPROCESSOR_DEFINITIONS = (
					"DEBUG=1",
					"$(inherited)",
				);
				GCC_WARN_64_TO_32_BIT_CONVERSION = YES;
				GCC_WARN_ABOUT_RETURN_TYPE = YES_ERROR;
				GCC_WARN_UNDECLARED_SELECTOR = YES;
				GCC_WARN_UNINITIALIZED_AUTOS = YES_AGGRESSIVE;
				GCC_WARN_UNUSED_FUNCTION = YES;
				GCC_WARN_UNUSED_VARIABLE = YES;
				IPHONEOS_DEPLOYMENT_TARGET = 18.4;
				LOCALIZATION_PREFERS_STRING_CATALOGS = YES;
				MTL_ENABLE_DEBUG_INFO = INCLUDE_SOURCE;
				MTL_FAST_MATH = YES;
				ONLY_ACTIVE_ARCH = YES;
				SDKROOT = iphoneos;
				SWIFT_ACTIVE_COMPILATION_CONDITIONS = "DEBUG $(inherited)";
				SWIFT_OPTIMIZATION_LEVEL = "-Onone";
			};
			name = Debug;
		};
		378D415A2DAF156100F52D93 /* Release */ = {
			isa = XCBuildConfiguration;
			buildSettings = {
				ALWAYS_SEARCH_USER_PATHS = NO;
				ASSETCATALOG_COMPILER_GENERATE_SWIFT_ASSET_SYMBOL_EXTENSIONS = YES;
				CLANG_ANALYZER_NONNULL = YES;
				CLANG_ANALYZER_NUMBER_OBJECT_CONVERSION = YES_AGGRESSIVE;
				CLANG_CXX_LANGUAGE_STANDARD = "gnu++20";
				CLANG_ENABLE_MODULES = YES;
				CLANG_ENABLE_OBJC_ARC = YES;
				CLANG_ENABLE_OBJC_WEAK = YES;
				CLANG_WARN_BLOCK_CAPTURE_AUTORELEASING = YES;
				CLANG_WARN_BOOL_CONVERSION = YES;
				CLANG_WARN_COMMA = YES;
				CLANG_WARN_CONSTANT_CONVERSION = YES;
				CLANG_WARN_DEPRECATED_OBJC_IMPLEMENTATIONS = YES;
				CLANG_WARN_DIRECT_OBJC_ISA_USAGE = YES_ERROR;
				CLANG_WARN_DOCUMENTATION_COMMENTS = YES;
				CLANG_WARN_EMPTY_BODY = YES;
				CLANG_WARN_ENUM_CONVERSION = YES;
				CLANG_WARN_INFINITE_RECURSION = YES;
				CLANG_WARN_INT_CONVERSION = YES;
				CLANG_WARN_NON_LITERAL_NULL_CONVERSION = YES;
				CLANG_WARN_OBJC_IMPLICIT_RETAIN_SELF = YES;
				CLANG_WARN_OBJC_LITERAL_CONVERSION = YES;
				CLANG_WARN_OBJC_ROOT_CLASS = YES_ERROR;
				CLANG_WARN_QUOTED_INCLUDE_IN_FRAMEWORK_HEADER = YES;
				CLANG_WARN_RANGE_LOOP_ANALYSIS = YES;
				CLANG_WARN_STRICT_PROTOTYPES = YES;
				CLANG_WARN_SUSPICIOUS_MOVE = YES;
				CLANG_WARN_UNGUARDED_AVAILABILITY = YES_AGGRESSIVE;
				CLANG_WARN_UNREACHABLE_CODE = YES;
				CLANG_WARN__DUPLICATE_METHOD_MATCH = YES;
				COPY_PHASE_STRIP = NO;
				DEBUG_INFORMATION_FORMAT = "dwarf-with-dsym";
				DEVELOPMENT_TEAM = TQU5FGEV2A;
				ENABLE_NS_ASSERTIONS = NO;
				ENABLE_STRICT_OBJC_MSGSEND = YES;
				ENABLE_USER_SCRIPT_SANDBOXING = YES;
				GCC_C_LANGUAGE_STANDARD = gnu17;
				GCC_NO_COMMON_BLOCKS = YES;
				GCC_WARN_64_TO_32_BIT_CONVERSION = YES;
				GCC_WARN_ABOUT_RETURN_TYPE = YES_ERROR;
				GCC_WARN_UNDECLARED_SELECTOR = YES;
				GCC_WARN_UNINITIALIZED_AUTOS = YES_AGGRESSIVE;
				GCC_WARN_UNUSED_FUNCTION = YES;
				GCC_WARN_UNUSED_VARIABLE = YES;
				IPHONEOS_DEPLOYMENT_TARGET = 18.4;
				LOCALIZATION_PREFERS_STRING_CATALOGS = YES;
				MTL_ENABLE_DEBUG_INFO = NO;
				MTL_FAST_MATH = YES;
				SDKROOT = iphoneos;
				SWIFT_COMPILATION_MODE = wholemodule;
				VALIDATE_PRODUCT = YES;
			};
			name = Release;
		};
		378D415C2DAF156100F52D93 /* Debug */ = {
			isa = XCBuildConfiguration;
			buildSettings = {
				BUNDLE_LOADER = "$(TEST_HOST)";
				CODE_SIGN_STYLE = Automatic;
				CURRENT_PROJECT_VERSION = 1;
				DEVELOPMENT_TEAM = TQU5FGEV2A;
				GENERATE_INFOPLIST_FILE = YES;
				IPHONEOS_DEPLOYMENT_TARGET = 18.4;
				MARKETING_VERSION = 1.0;
				PRODUCT_BUNDLE_IDENTIFIER = ca.esri.GISSimulatorTests;
				PRODUCT_NAME = "$(TARGET_NAME)";
				SWIFT_EMIT_LOC_STRINGS = NO;
				SWIFT_VERSION = 5.0;
				TARGETED_DEVICE_FAMILY = "1,2";
				TEST_HOST = "$(BUILT_PRODUCTS_DIR)/GISSimulator.app/$(BUNDLE_EXECUTABLE_FOLDER_PATH)/GISSimulator";
			};
			name = Debug;
		};
		378D415D2DAF156100F52D93 /* Release */ = {
			isa = XCBuildConfiguration;
			buildSettings = {
				BUNDLE_LOADER = "$(TEST_HOST)";
				CODE_SIGN_STYLE = Automatic;
				CURRENT_PROJECT_VERSION = 1;
				DEVELOPMENT_TEAM = TQU5FGEV2A;
				GENERATE_INFOPLIST_FILE = YES;
				IPHONEOS_DEPLOYMENT_TARGET = 18.4;
				MARKETING_VERSION = 1.0;
				PRODUCT_BUNDLE_IDENTIFIER = ca.esri.GISSimulatorTests;
				PRODUCT_NAME = "$(TARGET_NAME)";
				SWIFT_EMIT_LOC_STRINGS = NO;
				SWIFT_VERSION = 5.0;
				TARGETED_DEVICE_FAMILY = "1,2";
				TEST_HOST = "$(BUILT_PRODUCTS_DIR)/GISSimulator.app/$(BUNDLE_EXECUTABLE_FOLDER_PATH)/GISSimulator";
			};
			name = Release;
		};
		378D415F2DAF156100F52D93 /* Debug */ = {
			isa = XCBuildConfiguration;
			buildSettings = {
				CODE_SIGN_STYLE = Automatic;
				CURRENT_PROJECT_VERSION = 1;
				DEVELOPMENT_TEAM = TQU5FGEV2A;
				GENERATE_INFOPLIST_FILE = YES;
				MARKETING_VERSION = 1.0;
				PRODUCT_BUNDLE_IDENTIFIER = ca.esri.GISSimulatorUITests;
				PRODUCT_NAME = "$(TARGET_NAME)";
				SWIFT_EMIT_LOC_STRINGS = NO;
				SWIFT_VERSION = 5.0;
				TARGETED_DEVICE_FAMILY = "1,2";
				TEST_TARGET_NAME = GISSimulator;
			};
			name = Debug;
		};
		378D41602DAF156100F52D93 /* Release */ = {
			isa = XCBuildConfiguration;
			buildSettings = {
				CODE_SIGN_STYLE = Automatic;
				CURRENT_PROJECT_VERSION = 1;
				DEVELOPMENT_TEAM = TQU5FGEV2A;
				GENERATE_INFOPLIST_FILE = YES;
				MARKETING_VERSION = 1.0;
				PRODUCT_BUNDLE_IDENTIFIER = ca.esri.GISSimulatorUITests;
				PRODUCT_NAME = "$(TARGET_NAME)";
				SWIFT_EMIT_LOC_STRINGS = NO;
				SWIFT_VERSION = 5.0;
				TARGETED_DEVICE_FAMILY = "1,2";
				TEST_TARGET_NAME = GISSimulator;
			};
			name = Release;
		};
/* End XCBuildConfiguration section */

/* Begin XCConfigurationList section */
		378D41292DAF155F00F52D93 /* Build configuration list for PBXProject "GISSimulator" */ = {
			isa = XCConfigurationList;
			buildConfigurations = (
				378D41592DAF156100F52D93 /* Debug */,
				378D415A2DAF156100F52D93 /* Release */,
			);
			defaultConfigurationIsVisible = 0;
			defaultConfigurationName = Release;
		};
		378D41562DAF156100F52D93 /* Build configuration list for PBXNativeTarget "GISSimulator" */ = {
			isa = XCConfigurationList;
			buildConfigurations = (
				378D41572DAF156100F52D93 /* Debug */,
				378D41582DAF156100F52D93 /* Release */,
			);
			defaultConfigurationIsVisible = 0;
			defaultConfigurationName = Release;
		};
		378D415B2DAF156100F52D93 /* Build configuration list for PBXNativeTarget "GISSimulatorTests" */ = {
			isa = XCConfigurationList;
			buildConfigurations = (
				378D415C2DAF156100F52D93 /* Debug */,
				378D415D2DAF156100F52D93 /* Release */,
			);
			defaultConfigurationIsVisible = 0;
			defaultConfigurationName = Release;
		};
		378D415E2DAF156100F52D93 /* Build configuration list for PBXNativeTarget "GISSimulatorUITests" */ = {
			isa = XCConfigurationList;
			buildConfigurations = (
				378D415F2DAF156100F52D93 /* Debug */,
				378D41602DAF156100F52D93 /* Release */,
			);
			defaultConfigurationIsVisible = 0;
			defaultConfigurationName = Release;
		};
/* End XCConfigurationList section */
	};
	rootObject = 378D41262DAF155F00F52D93 /* Project object */;
}
